
Microsoft Visual Studio Solution File, Format Version 12.00
# Visual Studio Version 17
VisualStudioVersion = 17.13.35828.75
MinimumVisualStudioVersion = 10.0.40219.1
Project("{FAE04EC0-301F-11D3-BF4B-00C04F79EFBC}") = "SEProject", "SEProject\SEProject.csproj", "{BAFCCB55-1611-42F7-92C9-B10107CBD995}"
EndProject
Global
	GlobalSection(SolutionConfigurationPlatforms) = preSolution
		Debug|Any CPU = Debug|Any CPU
		Release|Any CPU = Release|Any CPU
	EndGlobalSection
	GlobalSection(ProjectConfigurationPlatforms) = postSolution
		{BAFCCB55-1611-42F7-92C9-B10107CBD995}.Debug|Any CPU.ActiveCfg = Debug|Any CPU
		{BAFCCB55-1611-42F7-92C9-B10107CBD995}.Debug|Any CPU.Build.0 = Debug|Any CPU
		{BAFCCB55-1611-42F7-92C9-B10107CBD995}.Release|Any CPU.ActiveCfg = Release|Any CPU
		{BAFCCB55-1611-42F7-92C9-B10107CBD995}.Release|Any CPU.Build.0 = Release|Any CPU
	EndGlobalSection
	GlobalSection(SolutionProperties) = preSolution
		HideSolutionNode = FALSE
	EndGlobalSection
	GlobalSection(ExtensibilityGlobals) = postSolution
		SolutionGuid = {1F21250E-860E-4789-957D-E16811F80E6D}
	EndGlobalSection
EndGlobal
